
Microsoft Visual Studio Solution File, Format Version 12.00
# Visual Studio Version 16
VisualStudioVersion = 16.0.30907.101
MinimumVisualStudioVersion = 10.0.40219.1
Project("{8BC9CEB8-8B4A-11D0-8D11-00A0C91BC942}") = "FortuneHunter", "FortuneHunter\FortuneHunter.vcxproj", "{793AF79D-3715-48F3-8CFA-3862564E1AED}"
EndProject
Global
	GlobalSection(SolutionConfigurationPlatforms) = preSolution
		Debug|x64 = Debug|x64
		Debug|x86 = Debug|x86
		Release|x64 = Release|x64
		Release|x86 = Release|x86
	EndGlobalSection
	GlobalSection(ProjectConfigurationPlatforms) = postSolution
		{793AF79D-3715-48F3-8CFA-3862564E1AED}.Debug|x64.ActiveCfg = Debug|x64
		{793AF79D-3715-48F3-8CFA-3862564E1AED}.Debug|x64.Build.0 = Debug|x64
		{793AF79D-3715-48F3-8CFA-3862564E1AED}.Debug|x86.ActiveCfg = Debug|Win32
		{793AF79D-3715-48F3-8CFA-3862564E1AED}.Debug|x86.Build.0 = Debug|Win32
		{793AF79D-3715-48F3-8CFA-3862564E1AED}.Release|x64.ActiveCfg = Release|x64
		{793AF79D-3715-48F3-8CFA-3862564E1AED}.Release|x64.Build.0 = Release|x64
		{793AF79D-3715-48F3-8CFA-3862564E1AED}.Release|x86.ActiveCfg = Release|Win32
		{793AF79D-3715-48F3-8CFA-3862564E1AED}.Release|x86.Build.0 = Release|Win32
	EndGlobalSection
	GlobalSection(SolutionProperties) = preSolution
		HideSolutionNode = FALSE
	EndGlobalSection
	GlobalSection(ExtensibilityGlobals) = postSolution
		SolutionGuid = {31572B47-2C66-4D7B-AF19-8FC58F1B2FAD}
	EndGlobalSection
EndGlobal
