<?xml version="1.0" encoding="utf-8"?>
<Project ToolsVersion="4.0" xmlns="http://schemas.microsoft.com/developer/msbuild/2003">
  <ItemGroup>
    <Filter Include="Source Files">
      <UniqueIdentifier>{4FC737F1-C7A5-4376-A066-2A32D752A2FF}</UniqueIdentifier>
      <Extensions>cpp;c;cc;cxx;c++;cppm;ixx;def;odl;idl;hpj;bat;asm;asmx</Extensions>
    </Filter>
    <Filter Include="Header Files">
      <UniqueIdentifier>{93995380-89BD-4b04-88EB-625FBE52EBFB}</UniqueIdentifier>
      <Extensions>h;hh;hpp;hxx;h++;hm;inl;inc;ipp;xsd</Extensions>
    </Filter>
    <Filter Include="Resource Files">
      <UniqueIdentifier>{67DA6AB6-F800-4c08-8B7A-83BB121AAD01}</UniqueIdentifier>
      <Extensions>rc;ico;cur;bmp;dlg;rc2;rct;bin;rgs;gif;jpg;jpeg;jpe;resx;tiff;tif;png;wav;mfcribbon-ms</Extensions>
    </Filter>
  </ItemGroup>
  <ItemGroup>
    <ClCompile Include="Common\Application.cpp">
      <Filter>Source Files</Filter>
    </ClCompile>
    <ClCompile Include="Common\main.cpp">
      <Filter>Source Files</Filter>
    </ClCompile>
    <ClCompile Include="Common\Utility.cpp">
      <Filter>Source Files</Filter>
    </ClCompile>
    <ClCompile Include="FortuneHunterApplication.cpp">
      <Filter>Source Files</Filter>
    </ClCompile>
    <ClCompile Include="Renderers\MainMenuRenderer.cpp">
      <Filter>Source Files</Filter>
    </ClCompile>
    <ClCompile Include="CommandProcessors\MainMenuCommandProcessor.cpp">
      <Filter>Source Files</Filter>
    </ClCompile>
    <ClCompile Include="EventHandlers\FortuneHunterEventHandler.cpp">
      <Filter>Source Files</Filter>
    </ClCompile>
    <ClCompile Include="CommandProcessors\ConfirmQuitCommandProcessor.cpp">
      <Filter>Source Files</Filter>
    </ClCompile>
    <ClCompile Include="Renderers\ConfirmQuitRenderer.cpp">
      <Filter>Source Files</Filter>
    </ClCompile>
    <ClCompile Include="Renderers\BaseRenderer.cpp">
      <Filter>Source Files</Filter>
    </ClCompile>
    <ClCompile Include="Common\Managers\SoundManager.cpp">
      <Filter>Source Files</Filter>
    </ClCompile>
    <ClCompile Include="Common\Managers\ControllerManager.cpp">
      <Filter>Source Files</Filter>
    </ClCompile>
    <ClCompile Include="Common\Managers\SpriteManager.cpp">
      <Filter>Source Files</Filter>
    </ClCompile>
    <ClCompile Include="Common\Managers\TextureManager.cpp">
      <Filter>Source Files</Filter>
    </ClCompile>
    <ClCompile Include="Common\Graphics\Sprite.cpp">
      <Filter>Source Files</Filter>
    </ClCompile>
    <ClCompile Include="Common\Graphics\SpriteFont.cpp">
      <Filter>Source Files</Filter>
    </ClCompile>
    <ClCompile Include="UI\MainMenuState.cpp">
      <Filter>Source Files</Filter>
    </ClCompile>
    <ClCompile Include="Game\GameData.cpp">
      <Filter>Source Files</Filter>
    </ClCompile>
    <ClCompile Include="CommandProcessors\InPlayCommandProcessor.cpp">
      <Filter>Source Files</Filter>
    </ClCompile>
    <ClCompile Include="Renderers\InPlayRenderer.cpp">
      <Filter>Source Files</Filter>
    </ClCompile>
    <ClCompile Include="Game\Maze\Maze.cpp">
      <Filter>Source Files</Filter>
    </ClCompile>
    <ClCompile Include="Game\Maze\MazeCell.cpp">
      <Filter>Source Files</Filter>
    </ClCompile>
    <ClCompile Include="Game\Maze\MazeDirection.cpp">
      <Filter>Source Files</Filter>
    </ClCompile>
    <ClCompile Include="Game\Maze\MazeDoor.cpp">
      <Filter>Source Files</Filter>
    </ClCompile>
    <ClCompile Include="Game\Room\RoomDirection.cpp">
      <Filter>Source Files</Filter>
    </ClCompile>
    <ClCompile Include="CommandProcessors\BaseCommandProcessor.cpp">
      <Filter>Source Files</Filter>
    </ClCompile>
    <ClCompile Include="Renderers\StatusPanelRenderer.cpp">
      <Filter>Source Files</Filter>
    </ClCompile>
    <ClCompile Include="Renderers\RoomPanelRenderer.cpp">
      <Filter>Source Files</Filter>
    </ClCompile>
    <ClCompile Include="Game\TerrainSpriteManager.cpp">
      <Filter>Source Files</Filter>
    </ClCompile>
    <ClCompile Include="Game\RoomGenerationContext.cpp">
      <Filter>Source Files</Filter>
    </ClCompile>
  </ItemGroup>
  <ItemGroup>
    <ClInclude Include="Common\Application.h">
      <Filter>Header Files</Filter>
    </ClInclude>
    <ClInclude Include="Common\Utility.h">
      <Filter>Header Files</Filter>
    </ClInclude>
    <ClInclude Include="FortuneHunterApplication.h">
      <Filter>Header Files</Filter>
    </ClInclude>
    <ClInclude Include="Constants\Window.h">
      <Filter>Header Files</Filter>
    </ClInclude>
    <ClInclude Include="Constants\Config.h">
      <Filter>Header Files</Filter>
    </ClInclude>
    <ClInclude Include="Constants\Color.h">
      <Filter>Header Files</Filter>
    </ClInclude>
    <ClInclude Include="Renderers\MainMenuRenderer.h">
      <Filter>Header Files</Filter>
    </ClInclude>
    <ClInclude Include="CommandProcessors\MainMenuCommandProcessor.h">
      <Filter>Header Files</Filter>
    </ClInclude>
    <ClInclude Include="EventHandlers\FortuneHunterEventHandler.h">
      <Filter>Header Files</Filter>
    </ClInclude>
    <ClInclude Include="CommandProcessors\ConfirmQuitCommandProcessor.h">
      <Filter>Header Files</Filter>
    </ClInclude>
    <ClInclude Include="Renderers\ConfirmQuitRenderer.h">
      <Filter>Header Files</Filter>
    </ClInclude>
    <ClInclude Include="Renderers\BaseRenderer.h">
      <Filter>Header Files</Filter>
    </ClInclude>
    <ClInclude Include="json.hpp">
      <Filter>Header Files</Filter>
    </ClInclude>
    <ClInclude Include="Common\Managers\SoundManager.h">
      <Filter>Header Files</Filter>
    </ClInclude>
    <ClInclude Include="Common\Managers\CommandProcessorManager.h">
      <Filter>Header Files</Filter>
    </ClInclude>
    <ClInclude Include="Common\Managers\ControllerManager.h">
      <Filter>Header Files</Filter>
    </ClInclude>
    <ClInclude Include="Common\Managers\RenderManager.h">
      <Filter>Header Files</Filter>
    </ClInclude>
    <ClInclude Include="Common\Managers\SpriteManager.h">
      <Filter>Header Files</Filter>
    </ClInclude>
    <ClInclude Include="Common\Managers\TextureManager.h">
      <Filter>Header Files</Filter>
    </ClInclude>
    <ClInclude Include="Common\Interfaces\CommandProcessor.h">
      <Filter>Header Files</Filter>
    </ClInclude>
    <ClInclude Include="Common\Interfaces\EventHandler.h">
      <Filter>Header Files</Filter>
    </ClInclude>
    <ClInclude Include="Common\Interfaces\Renderer.h">
      <Filter>Header Files</Filter>
    </ClInclude>
    <ClInclude Include="Common\Interfaces\Updater.h">
      <Filter>Header Files</Filter>
    </ClInclude>
    <ClInclude Include="Common\Graphics\Sprite.h">
      <Filter>Header Files</Filter>
    </ClInclude>
    <ClInclude Include="Common\Graphics\SpriteFont.h">
      <Filter>Header Files</Filter>
    </ClInclude>
    <ClInclude Include="CommandProcessors\Command.h">
      <Filter>Header Files</Filter>
    </ClInclude>
    <ClInclude Include="UI\ConfirmState.h">
      <Filter>Header Files</Filter>
    </ClInclude>
    <ClInclude Include="UI\MainMenuState.h">
      <Filter>Header Files</Filter>
    </ClInclude>
    <ClInclude Include="UI\UIState.h">
      <Filter>Header Files</Filter>
    </ClInclude>
    <ClInclude Include="Constants\Room.h">
      <Filter>Header Files</Filter>
    </ClInclude>
    <ClInclude Include="Game\GameData.h">
      <Filter>Header Files</Filter>
    </ClInclude>
    <ClInclude Include="CommandProcessors\InPlayCommandProcessor.h">
      <Filter>Header Files</Filter>
    </ClInclude>
    <ClInclude Include="Renderers\InPlayRenderer.h">
      <Filter>Header Files</Filter>
    </ClInclude>
    <ClInclude Include="Constants\Cell.h">
      <Filter>Header Files</Filter>
    </ClInclude>
    <ClInclude Include="Constants\Maze.h">
      <Filter>Header Files</Filter>
    </ClInclude>
    <ClInclude Include="Game\Maze\Maze.h">
      <Filter>Header Files</Filter>
    </ClInclude>
    <ClInclude Include="Game\Maze\MazeCell.h">
      <Filter>Header Files</Filter>
    </ClInclude>
    <ClInclude Include="Game\Maze\MazeDirection.h">
      <Filter>Header Files</Filter>
    </ClInclude>
    <ClInclude Include="Game\Maze\MazeDoor.h">
      <Filter>Header Files</Filter>
    </ClInclude>
    <ClInclude Include="Game\Room\Room.h">
      <Filter>Header Files</Filter>
    </ClInclude>
    <ClInclude Include="Game\Room\RoomCell.h">
      <Filter>Header Files</Filter>
    </ClInclude>
    <ClInclude Include="Game\Room\RoomDirection.h">
      <Filter>Header Files</Filter>
    </ClInclude>
    <ClInclude Include="CommandProcessors\BaseCommandProcessor.h">
      <Filter>Header Files</Filter>
    </ClInclude>
    <ClInclude Include="Game\TerrainType.h">
      <Filter>Header Files</Filter>
    </ClInclude>
    <ClInclude Include="Game\ObjectType.h">
      <Filter>Header Files</Filter>
    </ClInclude>
    <ClInclude Include="Game\Room\RoomCellObject.h">
      <Filter>Header Files</Filter>
    </ClInclude>
    <ClInclude Include="Constants\UI\UI.h">
      <Filter>Header Files</Filter>
    </ClInclude>
    <ClInclude Include="Constants\UI\MainMenu.h">
      <Filter>Header Files</Filter>
    </ClInclude>
    <ClInclude Include="Constants\UI\ConfirmQuit.h">
      <Filter>Header Files</Filter>
    </ClInclude>
    <ClInclude Include="Constants\UI\RoomPanel.h">
      <Filter>Header Files</Filter>
    </ClInclude>
    <ClInclude Include="Constants\UI\StatusPanel.h">
      <Filter>Header Files</Filter>
    </ClInclude>
    <ClInclude Include="Renderers\StatusPanelRenderer.h">
      <Filter>Header Files</Filter>
    </ClInclude>
    <ClInclude Include="Renderers\RoomPanelRenderer.h">
      <Filter>Header Files</Filter>
    </ClInclude>
    <ClInclude Include="Game\TerrainSpriteManager.h">
      <Filter>Header Files</Filter>
    </ClInclude>
    <ClInclude Include="Game\RoomGenerationContext.h">
      <Filter>Header Files</Filter>
    </ClInclude>
    <ClInclude Include="Common\XY.h">
      <Filter>Header Files</Filter>
    </ClInclude>
  </ItemGroup>
</Project>