<?xml version="1.0" encoding="utf-8"?>
<Project ToolsVersion="4.0" xmlns="http://schemas.microsoft.com/developer/msbuild/2003">
  <ItemGroup>
    <Filter Include="Source Files">
      <UniqueIdentifier>{4FC737F1-C7A5-4376-A066-2A32D752A2FF}</UniqueIdentifier>
      <Extensions>cpp;c;cc;cxx;c++;cppm;ixx;def;odl;idl;hpj;bat;asm;asmx</Extensions>
    </Filter>
    <Filter Include="Header Files">
      <UniqueIdentifier>{93995380-89BD-4b04-88EB-625FBE52EBFB}</UniqueIdentifier>
      <Extensions>h;hh;hpp;hxx;h++;hm;inl;inc;ipp;xsd</Extensions>
    </Filter>
    <Filter Include="Header Files\Application">
      <UniqueIdentifier>{aa8655fb-219e-4b25-9685-e9d1ef323299}</UniqueIdentifier>
    </Filter>
    <Filter Include="Header Files\Audio">
      <UniqueIdentifier>{373b26f8-503e-437d-a875-8a9a080d4b6c}</UniqueIdentifier>
    </Filter>
    <Filter Include="Header Files\CommandProcessors">
      <UniqueIdentifier>{97af9679-e244-4aa0-bcbd-65f71f924d41}</UniqueIdentifier>
    </Filter>
    <Filter Include="Header Files\Constants">
      <UniqueIdentifier>{42159e1b-ca74-4ac6-886a-26212f415496}</UniqueIdentifier>
    </Filter>
    <Filter Include="Header Files\Creatures">
      <UniqueIdentifier>{54d3bbfd-c147-48fc-912e-01b829b2a0bb}</UniqueIdentifier>
    </Filter>
    <Filter Include="Header Files\Dependencies">
      <UniqueIdentifier>{42224086-b2e5-4ef1-aab3-f012d984e40f}</UniqueIdentifier>
    </Filter>
    <Filter Include="Header Files\Game">
      <UniqueIdentifier>{5c90b9aa-64b4-484f-9052-0f3d3080a6bf}</UniqueIdentifier>
    </Filter>
    <Filter Include="Header Files\Graphics">
      <UniqueIdentifier>{398c4a7d-0a73-4662-8645-3a72e0c6c0f8}</UniqueIdentifier>
    </Filter>
    <Filter Include="Header Files\Input">
      <UniqueIdentifier>{719dd7a9-72e9-40c5-8fe7-b7a4e11defa6}</UniqueIdentifier>
    </Filter>
    <Filter Include="Header Files\Maze">
      <UniqueIdentifier>{10669de3-5b53-433c-9a9b-ca238229f521}</UniqueIdentifier>
    </Filter>
    <Filter Include="Header Files\Renderers">
      <UniqueIdentifier>{11d1eedf-b78f-4e16-8fa3-2274e46ae253}</UniqueIdentifier>
    </Filter>
    <Filter Include="Header Files\Room">
      <UniqueIdentifier>{a6aab381-1eac-4302-a22a-ae4a29051ca4}</UniqueIdentifier>
    </Filter>
    <Filter Include="Header Files\UI">
      <UniqueIdentifier>{cf6fc6a5-d1d2-4eaf-955a-9c95f8b6082d}</UniqueIdentifier>
    </Filter>
    <Filter Include="Header Files\Utility">
      <UniqueIdentifier>{032a168b-d834-4028-b81c-11795d38be4e}</UniqueIdentifier>
    </Filter>
    <Filter Include="Source Files\Application">
      <UniqueIdentifier>{a93c904e-ea7e-4d26-a202-a2509f441159}</UniqueIdentifier>
    </Filter>
    <Filter Include="Source Files\Audio">
      <UniqueIdentifier>{46332f76-9997-4fb5-956b-cbfebc89265e}</UniqueIdentifier>
    </Filter>
    <Filter Include="Source Files\CommandProcessors">
      <UniqueIdentifier>{498664b2-f82c-427a-95c8-46cff4f68180}</UniqueIdentifier>
    </Filter>
    <Filter Include="Source Files\Creatures">
      <UniqueIdentifier>{61b33046-831c-45c4-a568-c10e20127a11}</UniqueIdentifier>
    </Filter>
    <Filter Include="Source Files\Game">
      <UniqueIdentifier>{02b89650-d899-4dd1-ac61-7361f3cc6367}</UniqueIdentifier>
    </Filter>
    <Filter Include="Source Files\Graphics">
      <UniqueIdentifier>{8c8b8ad8-b096-4e0c-9c8d-7acf65a24e0c}</UniqueIdentifier>
    </Filter>
    <Filter Include="Source Files\Input">
      <UniqueIdentifier>{cb5719c7-6fe1-4bba-9702-7258dfbaca54}</UniqueIdentifier>
    </Filter>
    <Filter Include="Source Files\Maze">
      <UniqueIdentifier>{4512e273-606d-42dc-a794-4bd619af671c}</UniqueIdentifier>
    </Filter>
    <Filter Include="Source Files\Renderers">
      <UniqueIdentifier>{d8c2d4e0-0090-4668-87e0-b6706e665825}</UniqueIdentifier>
    </Filter>
    <Filter Include="Source Files\UI">
      <UniqueIdentifier>{451a17bd-b119-454d-bf91-8bf69a2cf525}</UniqueIdentifier>
    </Filter>
    <Filter Include="Source Files\Utility">
      <UniqueIdentifier>{de768342-e12b-49d9-b683-b3eb56b07bee}</UniqueIdentifier>
    </Filter>
    <Filter Include="Header Files\Game\SpriteTables">
      <UniqueIdentifier>{92620416-d78b-4d6d-908c-04a7bf5d1e2b}</UniqueIdentifier>
    </Filter>
    <Filter Include="Header Files\Game\Enums">
      <UniqueIdentifier>{aa2f8961-6785-4835-99ad-5f84bd8fca5c}</UniqueIdentifier>
    </Filter>
    <Filter Include="Source Files\Game\SpriteTables">
      <UniqueIdentifier>{d4582a1d-0d8f-425a-8b5f-d5b4bef7d189}</UniqueIdentifier>
    </Filter>
    <Filter Include="Source Files\Game\Enums">
      <UniqueIdentifier>{195e392a-1c9a-4020-bc6f-450727f3e8dc}</UniqueIdentifier>
    </Filter>
    <Filter Include="Header Files\Items">
      <UniqueIdentifier>{92009cf5-a625-4070-9a30-1b23c0385b99}</UniqueIdentifier>
    </Filter>
    <Filter Include="Source Files\Items">
      <UniqueIdentifier>{77150c4c-56cb-41cf-9005-cc1f26ece17c}</UniqueIdentifier>
    </Filter>
    <Filter Include="Header Files\BaseClasses">
      <UniqueIdentifier>{f4c98dd7-fb78-4df7-80cf-10a140b709ed}</UniqueIdentifier>
    </Filter>
    <Filter Include="Source Files\BaseClasses">
      <UniqueIdentifier>{7d893873-3504-4773-8c85-7e0a0ac765c6}</UniqueIdentifier>
    </Filter>
    <Filter Include="Header Files\Finishers">
      <UniqueIdentifier>{fa422cad-ee21-4622-a98e-6c951c0f1192}</UniqueIdentifier>
    </Filter>
    <Filter Include="Source Files\Finishers">
      <UniqueIdentifier>{c54b52f2-0dce-425c-9e44-ec9c3106b946}</UniqueIdentifier>
    </Filter>
    <Filter Include="Header Files\Hunter">
      <UniqueIdentifier>{6ce5659c-8c9d-4454-b2e6-fe7c3b5e08a5}</UniqueIdentifier>
    </Filter>
    <Filter Include="Source Files\Hunter">
      <UniqueIdentifier>{e19e7141-8460-4329-a772-89c787b1806d}</UniqueIdentifier>
    </Filter>
  </ItemGroup>
  <ItemGroup>
    <ClCompile Include="Application.cpp">
      <Filter>Source Files\Application</Filter>
    </ClCompile>
    <ClCompile Include="ConfirmQuitCommandProcessor.cpp">
      <Filter>Source Files\CommandProcessors</Filter>
    </ClCompile>
    <ClCompile Include="ConfirmQuitRenderer.cpp">
      <Filter>Source Files\Renderers</Filter>
    </ClCompile>
    <ClCompile Include="ControllerManager.cpp">
      <Filter>Source Files\Input</Filter>
    </ClCompile>
    <ClCompile Include="Creature.cpp">
      <Filter>Source Files\Creatures</Filter>
    </ClCompile>
    <ClCompile Include="CreatureDescriptor.cpp">
      <Filter>Source Files\Creatures</Filter>
    </ClCompile>
    <ClCompile Include="CreatureDescriptorManager.cpp">
      <Filter>Source Files\Creatures</Filter>
    </ClCompile>
    <ClCompile Include="FortuneHunterApplication.cpp">
      <Filter>Source Files\Application</Filter>
    </ClCompile>
    <ClCompile Include="FortuneHunterEventHandler.cpp">
      <Filter>Source Files\Input</Filter>
    </ClCompile>
    <ClCompile Include="GameData.cpp">
      <Filter>Source Files\Game</Filter>
    </ClCompile>
    <ClCompile Include="InPlayCommandProcessor.cpp">
      <Filter>Source Files\CommandProcessors</Filter>
    </ClCompile>
    <ClCompile Include="MainMenuCommandProcessor.cpp">
      <Filter>Source Files\CommandProcessors</Filter>
    </ClCompile>
    <ClCompile Include="MainMenuRenderer.cpp">
      <Filter>Source Files\Renderers</Filter>
    </ClCompile>
    <ClCompile Include="InPlayRenderer.cpp">
      <Filter>Source Files\Renderers</Filter>
    </ClCompile>
    <ClCompile Include="main.cpp">
      <Filter>Source Files\Application</Filter>
    </ClCompile>
    <ClCompile Include="MainMenuState.cpp">
      <Filter>Source Files\UI</Filter>
    </ClCompile>
    <ClCompile Include="Maze.cpp">
      <Filter>Source Files\Maze</Filter>
    </ClCompile>
    <ClCompile Include="MazeCell.cpp">
      <Filter>Source Files\Maze</Filter>
    </ClCompile>
    <ClCompile Include="MazeDirection.cpp">
      <Filter>Source Files\Maze</Filter>
    </ClCompile>
    <ClCompile Include="MazeDoor.cpp">
      <Filter>Source Files\Maze</Filter>
    </ClCompile>
    <ClCompile Include="RoomPanelRenderer.cpp">
      <Filter>Source Files\Renderers</Filter>
    </ClCompile>
    <ClCompile Include="SoundManager.cpp">
      <Filter>Source Files\Audio</Filter>
    </ClCompile>
    <ClCompile Include="Sprite.cpp">
      <Filter>Source Files\Graphics</Filter>
    </ClCompile>
    <ClCompile Include="SpriteFont.cpp">
      <Filter>Source Files\Graphics</Filter>
    </ClCompile>
    <ClCompile Include="SpriteManager.cpp">
      <Filter>Source Files\Graphics</Filter>
    </ClCompile>
    <ClCompile Include="StatusPanelRenderer.cpp">
      <Filter>Source Files\Renderers</Filter>
    </ClCompile>
    <ClCompile Include="TextureManager.cpp">
      <Filter>Source Files\Graphics</Filter>
    </ClCompile>
    <ClCompile Include="Utility.cpp">
      <Filter>Source Files\Utility</Filter>
    </ClCompile>
    <ClCompile Include="HealthLevelSprites.cpp">
      <Filter>Source Files\Game\SpriteTables</Filter>
    </ClCompile>
    <ClCompile Include="ObjectSprites.cpp">
      <Filter>Source Files\Game\SpriteTables</Filter>
    </ClCompile>
    <ClCompile Include="TerrainSprites.cpp">
      <Filter>Source Files\Game\SpriteTables</Filter>
    </ClCompile>
    <ClCompile Include="RoomDirection.cpp">
      <Filter>Source Files\Game\Enums</Filter>
    </ClCompile>
    <ClCompile Include="TerrainType.cpp">
      <Filter>Source Files\Game\Enums</Filter>
    </ClCompile>
    <ClCompile Include="RoomGenerator.cpp">
      <Filter>Source Files\Game</Filter>
    </ClCompile>
    <ClCompile Include="ItemDescriptor.cpp">
      <Filter>Source Files\Items</Filter>
    </ClCompile>
    <ClCompile Include="BaseDescriptor.cpp">
      <Filter>Source Files\BaseClasses</Filter>
    </ClCompile>
    <ClCompile Include="ItemDescriptorManager.cpp">
      <Filter>Source Files\Items</Filter>
    </ClCompile>
    <ClCompile Include="Item.cpp">
      <Filter>Source Files\Items</Filter>
    </ClCompile>
    <ClCompile Include="FinishManager.cpp">
      <Filter>Source Files\Finishers</Filter>
    </ClCompile>
    <ClCompile Include="HunterDescriptor.cpp">
      <Filter>Source Files\Hunter</Filter>
    </ClCompile>
    <ClCompile Include="Hunter.cpp">
      <Filter>Source Files\Hunter</Filter>
    </ClCompile>
    <ClCompile Include="Options.cpp">
      <Filter>Source Files\UI</Filter>
    </ClCompile>
    <ClCompile Include="OptionsState.cpp">
      <Filter>Source Files\UI</Filter>
    </ClCompile>
    <ClCompile Include="OptionsCommandProcessor.cpp">
      <Filter>Source Files\CommandProcessors</Filter>
    </ClCompile>
    <ClCompile Include="OptionsRenderer.cpp">
      <Filter>Source Files\Renderers</Filter>
    </ClCompile>
    <ClCompile Include="AboutCommandProcessor.cpp">
      <Filter>Source Files\CommandProcessors</Filter>
    </ClCompile>
    <ClCompile Include="InstructionsCommandProcessor.cpp">
      <Filter>Source Files\CommandProcessors</Filter>
    </ClCompile>
    <ClCompile Include="AboutRenderer.cpp">
      <Filter>Source Files\Renderers</Filter>
    </ClCompile>
    <ClCompile Include="InstructionsRenderer.cpp">
      <Filter>Source Files\Renderers</Filter>
    </ClCompile>
    <ClCompile Include="HunterDescriptorManager.cpp">
      <Filter>Source Files\Hunter</Filter>
    </ClCompile>
    <ClCompile Include="StatisticsCommandProcessor.cpp">
      <Filter>Source Files\CommandProcessors</Filter>
    </ClCompile>
    <ClCompile Include="FinalScoreCommandProcessor.cpp">
      <Filter>Source Files\CommandProcessors</Filter>
    </ClCompile>
    <ClCompile Include="FinalScoreRenderer.cpp">
      <Filter>Source Files\Renderers</Filter>
    </ClCompile>
    <ClCompile Include="StatisticsRenderer.cpp">
      <Filter>Source Files\Renderers</Filter>
    </ClCompile>
    <ClCompile Include="HunterAward.cpp">
      <Filter>Source Files\Hunter</Filter>
    </ClCompile>
    <ClCompile Include="Statistics.cpp">
      <Filter>Source Files\UI</Filter>
    </ClCompile>
    <ClCompile Include="BaseMenuRenderer.cpp">
      <Filter>Source Files\BaseClasses</Filter>
    </ClCompile>
    <ClCompile Include="BaseRenderer.cpp">
      <Filter>Source Files\BaseClasses</Filter>
    </ClCompile>
  </ItemGroup>
  <ItemGroup>
    <ClInclude Include="CommandProcessor.h">
      <Filter>Header Files\CommandProcessors</Filter>
    </ClInclude>
    <ClInclude Include="CommandProcessorManager.h">
      <Filter>Header Files\CommandProcessors</Filter>
    </ClInclude>
    <ClInclude Include="ConfirmQuitCommandProcessor.h">
      <Filter>Header Files\CommandProcessors</Filter>
    </ClInclude>
    <ClInclude Include="CellConstants.h">
      <Filter>Header Files\Constants</Filter>
    </ClInclude>
    <ClInclude Include="ColorConstants.h">
      <Filter>Header Files\Constants</Filter>
    </ClInclude>
    <ClInclude Include="Command.h">
      <Filter>Header Files\CommandProcessors</Filter>
    </ClInclude>
    <ClInclude Include="ConfigConstants.h">
      <Filter>Header Files\Constants</Filter>
    </ClInclude>
    <ClInclude Include="ConfirmQuitConstants.h">
      <Filter>Header Files\Constants</Filter>
    </ClInclude>
    <ClInclude Include="ConfirmQuitRenderer.h">
      <Filter>Header Files\Renderers</Filter>
    </ClInclude>
    <ClInclude Include="ControllerManager.h">
      <Filter>Header Files\Input</Filter>
    </ClInclude>
    <ClInclude Include="Creature.h">
      <Filter>Header Files\Creatures</Filter>
    </ClInclude>
    <ClInclude Include="CreatureDescriptorManager.h">
      <Filter>Header Files\Creatures</Filter>
    </ClInclude>
    <ClInclude Include="CreatureDescriptor.h">
      <Filter>Header Files\Creatures</Filter>
    </ClInclude>
    <ClInclude Include="EventHandler.h">
      <Filter>Header Files\Input</Filter>
    </ClInclude>
    <ClInclude Include="Application.h">
      <Filter>Header Files\Application</Filter>
    </ClInclude>
    <ClInclude Include="ConfirmState.h">
      <Filter>Header Files\UI</Filter>
    </ClInclude>
    <ClInclude Include="FortuneHunterEventHandler.h">
      <Filter>Header Files\Input</Filter>
    </ClInclude>
    <ClInclude Include="FortuneHunterApplication.h">
      <Filter>Header Files\Application</Filter>
    </ClInclude>
    <ClInclude Include="GameData.h">
      <Filter>Header Files\Game</Filter>
    </ClInclude>
    <ClInclude Include="InPlayCommandProcessor.h">
      <Filter>Header Files\CommandProcessors</Filter>
    </ClInclude>
    <ClInclude Include="InPlayRenderer.h">
      <Filter>Header Files\Renderers</Filter>
    </ClInclude>
    <ClInclude Include="json.hpp">
      <Filter>Header Files\Dependencies</Filter>
    </ClInclude>
    <ClInclude Include="MainMenuCommandProcessor.h">
      <Filter>Header Files\CommandProcessors</Filter>
    </ClInclude>
    <ClInclude Include="MainMenuConstants.h">
      <Filter>Header Files\Constants</Filter>
    </ClInclude>
    <ClInclude Include="MainMenuRenderer.h">
      <Filter>Header Files\Renderers</Filter>
    </ClInclude>
    <ClInclude Include="MainMenuState.h">
      <Filter>Header Files\UI</Filter>
    </ClInclude>
    <ClInclude Include="Maze.h">
      <Filter>Header Files\Maze</Filter>
    </ClInclude>
    <ClInclude Include="MazeCell.h">
      <Filter>Header Files\Maze</Filter>
    </ClInclude>
    <ClInclude Include="MazeConstants.h">
      <Filter>Header Files\Maze</Filter>
    </ClInclude>
    <ClInclude Include="MazeDirection.h">
      <Filter>Header Files\Maze</Filter>
    </ClInclude>
    <ClInclude Include="MazeDoor.h">
      <Filter>Header Files\Maze</Filter>
    </ClInclude>
    <ClInclude Include="Renderer.h">
      <Filter>Header Files\Renderers</Filter>
    </ClInclude>
    <ClInclude Include="RenderManager.h">
      <Filter>Header Files\Renderers</Filter>
    </ClInclude>
    <ClInclude Include="RoomPanelConstants.h">
      <Filter>Header Files\Constants</Filter>
    </ClInclude>
    <ClInclude Include="RoomConstants.h">
      <Filter>Header Files\Constants</Filter>
    </ClInclude>
    <ClInclude Include="StatusPanelConstants.h">
      <Filter>Header Files\Constants</Filter>
    </ClInclude>
    <ClInclude Include="SoundsConstants.h">
      <Filter>Header Files\Constants</Filter>
    </ClInclude>
    <ClInclude Include="UIConstants.h">
      <Filter>Header Files\Constants</Filter>
    </ClInclude>
    <ClInclude Include="WindowConstants.h">
      <Filter>Header Files\Constants</Filter>
    </ClInclude>
    <ClInclude Include="Room.h">
      <Filter>Header Files\Room</Filter>
    </ClInclude>
    <ClInclude Include="RoomCell.h">
      <Filter>Header Files\Room</Filter>
    </ClInclude>
    <ClInclude Include="RoomCellObject.h">
      <Filter>Header Files\Room</Filter>
    </ClInclude>
    <ClInclude Include="SimpleObject.h">
      <Filter>Header Files\Room</Filter>
    </ClInclude>
    <ClInclude Include="RoomPanelRenderer.h">
      <Filter>Header Files\Renderers</Filter>
    </ClInclude>
    <ClInclude Include="Sprite.h">
      <Filter>Header Files\Graphics</Filter>
    </ClInclude>
    <ClInclude Include="SpriteFont.h">
      <Filter>Header Files\Graphics</Filter>
    </ClInclude>
    <ClInclude Include="SpriteManager.h">
      <Filter>Header Files\Graphics</Filter>
    </ClInclude>
    <ClInclude Include="SoundManager.h">
      <Filter>Header Files\Audio</Filter>
    </ClInclude>
    <ClInclude Include="StatusPanelRenderer.h">
      <Filter>Header Files\Renderers</Filter>
    </ClInclude>
    <ClInclude Include="TextureManager.h">
      <Filter>Header Files\Graphics</Filter>
    </ClInclude>
    <ClInclude Include="UIState.h">
      <Filter>Header Files\UI</Filter>
    </ClInclude>
    <ClInclude Include="Utility.h">
      <Filter>Header Files\Utility</Filter>
    </ClInclude>
    <ClInclude Include="XY.h">
      <Filter>Header Files\Utility</Filter>
    </ClInclude>
    <ClInclude Include="HealthLevel.h">
      <Filter>Header Files\Creatures</Filter>
    </ClInclude>
    <ClInclude Include="SpriteTable.h">
      <Filter>Header Files\Graphics</Filter>
    </ClInclude>
    <ClInclude Include="HealthLevelSprites.h">
      <Filter>Header Files\Game\SpriteTables</Filter>
    </ClInclude>
    <ClInclude Include="ObjectSprites.h">
      <Filter>Header Files\Game\SpriteTables</Filter>
    </ClInclude>
    <ClInclude Include="TerrainSprites.h">
      <Filter>Header Files\Game\SpriteTables</Filter>
    </ClInclude>
    <ClInclude Include="ObjectType.h">
      <Filter>Header Files\Game\Enums</Filter>
    </ClInclude>
    <ClInclude Include="RoomCellFlags.h">
      <Filter>Header Files\Game\Enums</Filter>
    </ClInclude>
    <ClInclude Include="RoomDirection.h">
      <Filter>Header Files\Game\Enums</Filter>
    </ClInclude>
    <ClInclude Include="TerrainType.h">
      <Filter>Header Files\Game\Enums</Filter>
    </ClInclude>
    <ClInclude Include="RoomGenerator.h">
      <Filter>Header Files\Game</Filter>
    </ClInclude>
    <ClInclude Include="ItemType.h">
      <Filter>Header Files\Game\Enums</Filter>
    </ClInclude>
    <ClInclude Include="ItemDescriptor.h">
      <Filter>Header Files\Items</Filter>
    </ClInclude>
    <ClInclude Include="BaseDescriptor.h">
      <Filter>Header Files\BaseClasses</Filter>
    </ClInclude>
    <ClInclude Include="BaseDescriptorManager.h">
      <Filter>Header Files\BaseClasses</Filter>
    </ClInclude>
    <ClInclude Include="ItemDescriptorManager.h">
      <Filter>Header Files\Items</Filter>
    </ClInclude>
    <ClInclude Include="DescribedObject.h">
      <Filter>Header Files\BaseClasses</Filter>
    </ClInclude>
    <ClInclude Include="Item.h">
      <Filter>Header Files\Items</Filter>
    </ClInclude>
    <ClInclude Include="Finisher.h">
      <Filter>Header Files\Finishers</Filter>
    </ClInclude>
    <ClInclude Include="FinishManager.h">
      <Filter>Header Files\Finishers</Filter>
    </ClInclude>
    <ClInclude Include="HunterDescriptor.h">
      <Filter>Header Files\Hunter</Filter>
    </ClInclude>
    <ClInclude Include="Hunter.h">
      <Filter>Header Files\Hunter</Filter>
    </ClInclude>
    <ClInclude Include="Options.h">
      <Filter>Header Files\UI</Filter>
    </ClInclude>
    <ClInclude Include="OptionsState.h">
      <Filter>Header Files\UI</Filter>
    </ClInclude>
    <ClInclude Include="OptionsCommandProcessor.h">
      <Filter>Header Files\CommandProcessors</Filter>
    </ClInclude>
    <ClInclude Include="OptionsRenderer.h">
      <Filter>Header Files\Renderers</Filter>
    </ClInclude>
    <ClInclude Include="OptionsConstants.h">
      <Filter>Header Files\Constants</Filter>
    </ClInclude>
    <ClInclude Include="CreatureType.h">
      <Filter>Header Files\Game\Enums</Filter>
    </ClInclude>
    <ClInclude Include="AboutCommandProcessor.h">
      <Filter>Header Files\CommandProcessors</Filter>
    </ClInclude>
    <ClInclude Include="InstructionsCommandProcessor.h">
      <Filter>Header Files\CommandProcessors</Filter>
    </ClInclude>
    <ClInclude Include="AboutRenderer.h">
      <Filter>Header Files\Renderers</Filter>
    </ClInclude>
    <ClInclude Include="InstructionsRenderer.h">
      <Filter>Header Files\Renderers</Filter>
    </ClInclude>
    <ClInclude Include="HunterDescriptorManager.h">
      <Filter>Header Files\Hunter</Filter>
    </ClInclude>
    <ClInclude Include="InstructionsConstants.h">
      <Filter>Header Files\Constants</Filter>
    </ClInclude>
    <ClInclude Include="AboutConstants.h">
      <Filter>Header Files\Constants</Filter>
    </ClInclude>
    <ClInclude Include="BackgroundConstants.h">
      <Filter>Header Files\Constants</Filter>
    </ClInclude>
    <ClInclude Include="FinalScoreCommandProcessor.h">
      <Filter>Header Files\CommandProcessors</Filter>
    </ClInclude>
    <ClInclude Include="StatisticsCommandProcessor.h">
      <Filter>Header Files\CommandProcessors</Filter>
    </ClInclude>
    <ClInclude Include="FinalScoreRenderer.h">
      <Filter>Header Files\Renderers</Filter>
    </ClInclude>
    <ClInclude Include="StatisticsRenderer.h">
      <Filter>Header Files\Renderers</Filter>
    </ClInclude>
    <ClInclude Include="HunterAward.h">
      <Filter>Header Files\Hunter</Filter>
    </ClInclude>
    <ClInclude Include="Statistics.h">
      <Filter>Header Files\UI</Filter>
    </ClInclude>
    <ClInclude Include="BaseCommandProcessor.h">
      <Filter>Header Files\BaseClasses</Filter>
    </ClInclude>
    <ClInclude Include="BaseMenuRenderer.h">
      <Filter>Header Files\BaseClasses</Filter>
    </ClInclude>
    <ClInclude Include="BaseRenderer.h">
      <Filter>Header Files\BaseClasses</Filter>
    </ClInclude>
  </ItemGroup>
</Project>